
Microsoft Visual Studio Solution File, Format Version 12.00
Project("{FAE04EC0-301F-11D3-BF4B-00C04F79EFBC}") = "Alerta_Desastre", "Alerta_Desastre\Alerta_Desastre.csproj", "{D308D50A-870A-4AB8-9983-386DE1C6009F}"
EndProject
Global
	GlobalSection(SolutionConfigurationPlatforms) = preSolution
		Debug|Any CPU = Debug|Any CPU
		Release|Any CPU = Release|Any CPU
	EndGlobalSection
	GlobalSection(ProjectConfigurationPlatforms) = postSolution
		{D308D50A-870A-4AB8-9983-386DE1C6009F}.Debug|Any CPU.ActiveCfg = Debug|Any CPU
		{D308D50A-870A-4AB8-9983-386DE1C6009F}.Debug|Any CPU.Build.0 = Debug|Any CPU
		{D308D50A-870A-4AB8-9983-386DE1C6009F}.Release|Any CPU.ActiveCfg = Release|Any CPU
		{D308D50A-870A-4AB8-9983-386DE1C6009F}.Release|Any CPU.Build.0 = Release|Any CPU
	EndGlobalSection
EndGlobal
